
Microsoft Visual Studio Solution File, Format Version 12.00
# Visual Studio Version 17
VisualStudioVersion = 17.7.34003.232
MinimumVisualStudioVersion = 10.0.40219.1
Project("{8BC9CEB8-8B4A-11D0-8D11-00A0C91BC942}") = "QQDrawPanel", "QQDrawPanel.vcxproj", "{6778FE51-5F50-4506-8153-81455DF9A717}"
EndProject
Global
	GlobalSection(SolutionConfigurationPlatforms) = preSolution
		Debug|x64 = Debug|x64
		Debug|x86 = Debug|x86
		Release|x64 = Release|x64
		Release|x86 = Release|x86
	EndGlobalSection
	GlobalSection(ProjectConfigurationPlatforms) = postSolution
		{6778FE51-5F50-4506-8153-81455DF9A717}.Debug|x64.ActiveCfg = Debug|x64
		{6778FE51-5F50-4506-8153-81455DF9A717}.Debug|x64.Build.0 = Debug|x64
		{6778FE51-5F50-4506-8153-81455DF9A717}.Debug|x86.ActiveCfg = Debug|Win32
		{6778FE51-5F50-4506-8153-81455DF9A717}.Debug|x86.Build.0 = Debug|Win32
		{6778FE51-5F50-4506-8153-81455DF9A717}.Release|x64.ActiveCfg = Release|x64
		{6778FE51-5F50-4506-8153-81455DF9A717}.Release|x64.Build.0 = Release|x64
		{6778FE51-5F50-4506-8153-81455DF9A717}.Release|x86.ActiveCfg = Release|Win32
		{6778FE51-5F50-4506-8153-81455DF9A717}.Release|x86.Build.0 = Release|Win32
	EndGlobalSection
	GlobalSection(SolutionProperties) = preSolution
		HideSolutionNode = FALSE
	EndGlobalSection
	GlobalSection(ExtensibilityGlobals) = postSolution
		SolutionGuid = {E551C206-D428-4255-BF2E-7A38DB2A68AA}
	EndGlobalSection
EndGlobal
